
Microsoft Visual Studio Solution File, Format Version 12.00
# Visual Studio 15
VisualStudioVersion = 15.0.28010.2036
MinimumVisualStudioVersion = 10.0.40219.1
Project("{FAE04EC0-301F-11D3-BF4B-00C04F79EFBC}") = "FlappyBird", "FlappyBird\FlappyBird.csproj", "{AA2AD633-BC97-432C-97F8-1993B0BF1D72}"
EndProject
Global
	GlobalSection(SolutionConfigurationPlatforms) = preSolution
		Debug|Any CPU = Debug|Any CPU
		Release|Any CPU = Release|Any CPU
	EndGlobalSection
	GlobalSection(ProjectConfigurationPlatforms) = postSolution
		{AA2AD633-BC97-432C-97F8-1993B0BF1D72}.Debug|Any CPU.ActiveCfg = Debug|Any CPU
		{AA2AD633-BC97-432C-97F8-1993B0BF1D72}.Debug|Any CPU.Build.0 = Debug|Any CPU
		{AA2AD633-BC97-432C-97F8-1993B0BF1D72}.Release|Any CPU.ActiveCfg = Release|Any CPU
		{AA2AD633-BC97-432C-97F8-1993B0BF1D72}.Release|Any CPU.Build.0 = Release|Any CPU
	EndGlobalSection
	GlobalSection(SolutionProperties) = preSolution
		HideSolutionNode = FALSE
	EndGlobalSection
	GlobalSection(ExtensibilityGlobals) = postSolution
		SolutionGuid = {3B88D6B2-1F3C-41D0-B61F-4279D682DB2E}
	EndGlobalSection
EndGlobal
